
Microsoft Visual Studio Solution File, Format Version 12.00
# Visual Studio 15
Project("{FAE04EC0-301F-11D3-BF4B-00C04F79EFBC}") = "Assembly-CSharp", "Assembly-CSharp.csproj", "{D0F5E202-34DE-62F0-6464-325EEAF1E696}"
EndProject
Project("{FAE04EC0-301F-11D3-BF4B-00C04F79EFBC}") = "Assembly-CSharp-firstpass", "Assembly-CSharp-firstpass.csproj", "{776E3833-A037-D616-6904-9B61E645FBD4}"
EndProject
Global
	GlobalSection(SolutionConfigurationPlatforms) = preSolution
		Debug|Any CPU = Debug|Any CPU
		Release|Any CPU = Release|Any CPU
	EndGlobalSection
	GlobalSection(ProjectConfigurationPlatforms) = postSolution
		{D0F5E202-34DE-62F0-6464-325EEAF1E696}.Debug|Any CPU.ActiveCfg = Debug|Any CPU
		{D0F5E202-34DE-62F0-6464-325EEAF1E696}.Debug|Any CPU.Build.0 = Debug|Any CPU
		{D0F5E202-34DE-62F0-6464-325EEAF1E696}.Release|Any CPU.ActiveCfg = Release|Any CPU
		{D0F5E202-34DE-62F0-6464-325EEAF1E696}.Release|Any CPU.Build.0 = Release|Any CPU
		{776E3833-A037-D616-6904-9B61E645FBD4}.Debug|Any CPU.ActiveCfg = Debug|Any CPU
		{776E3833-A037-D616-6904-9B61E645FBD4}.Debug|Any CPU.Build.0 = Debug|Any CPU
		{776E3833-A037-D616-6904-9B61E645FBD4}.Release|Any CPU.ActiveCfg = Release|Any CPU
		{776E3833-A037-D616-6904-9B61E645FBD4}.Release|Any CPU.Build.0 = Release|Any CPU
	EndGlobalSection
	GlobalSection(SolutionProperties) = preSolution
		HideSolutionNode = FALSE
	EndGlobalSection
EndGlobal
